
Microsoft Visual Studio Solution File, Format Version 12.00
# Visual Studio Version 17
VisualStudioVersion = 17.11.35219.272
MinimumVisualStudioVersion = 10.0.40219.1
Project("{8BC9CEB8-8B4A-11D0-8D11-00A0C91BC942}") = "Otel Projesi", "Otel Projesi\Otel Projesi.vcxproj", "{E99FD0DC-3922-4F5A-84C7-53A0CF0E109C}"
EndProject
Global
	GlobalSection(SolutionConfigurationPlatforms) = preSolution
		Debug|x64 = Debug|x64
		Debug|x86 = Debug|x86
		Release|x64 = Release|x64
		Release|x86 = Release|x86
	EndGlobalSection
	GlobalSection(ProjectConfigurationPlatforms) = postSolution
		{E99FD0DC-3922-4F5A-84C7-53A0CF0E109C}.Debug|x64.ActiveCfg = Debug|x64
		{E99FD0DC-3922-4F5A-84C7-53A0CF0E109C}.Debug|x64.Build.0 = Debug|x64
		{E99FD0DC-3922-4F5A-84C7-53A0CF0E109C}.Debug|x86.ActiveCfg = Debug|Win32
		{E99FD0DC-3922-4F5A-84C7-53A0CF0E109C}.Debug|x86.Build.0 = Debug|Win32
		{E99FD0DC-3922-4F5A-84C7-53A0CF0E109C}.Release|x64.ActiveCfg = Release|x64
		{E99FD0DC-3922-4F5A-84C7-53A0CF0E109C}.Release|x64.Build.0 = Release|x64
		{E99FD0DC-3922-4F5A-84C7-53A0CF0E109C}.Release|x86.ActiveCfg = Release|Win32
		{E99FD0DC-3922-4F5A-84C7-53A0CF0E109C}.Release|x86.Build.0 = Release|Win32
	EndGlobalSection
	GlobalSection(SolutionProperties) = preSolution
		HideSolutionNode = FALSE
	EndGlobalSection
	GlobalSection(ExtensibilityGlobals) = postSolution
		SolutionGuid = {8D161B6F-A7C6-492D-8C01-002028022727}
	EndGlobalSection
EndGlobal
